{
  "name": "strapi-plugin-populate-deep",
  "version": "3.0.1",
  "lockfileVersion": 3,
  "requires": true,
  "packages": {
    "": {
      "name": "strapi-plugin-populate-deep",
      "version": "3.0.1",
      "license": "MIT",
      "engines": {
        "node": ">=14.19.1 <=20.x.x",
        "npm": ">=6.0.0"
      }
    }
  }
}
